// !$*UTF8*$!
{
	archiveVersion = 1;
	classes = {
	};
	objectVersion = 52;
	objects = {

/* Begin PBXBuildFile section */
		1D91E1B32529015E009EA6E3 /* ApolloGraphQLWithSwiftUIApp.swift in Sources */ = {isa = PBXBuildFile; fileRef = 1D91E1B22529015E009EA6E3 /* ApolloGraphQLWithSwiftUIApp.swift */; };
		1D91E1B52529015E009EA6E3 /* ContentView.swift in Sources */ = {isa = PBXBuildFile; fileRef = 1D91E1B42529015E009EA6E3 /* ContentView.swift */; };
		1D91E1B725290161009EA6E3 /* Assets.xcassets in Resources */ = {isa = PBXBuildFile; fileRef = 1D91E1B625290161009EA6E3 /* Assets.xcassets */; };
		1D91E1BA25290161009EA6E3 /* Preview Assets.xcassets in Resources */ = {isa = PBXBuildFile; fileRef = 1D91E1B925290161009EA6E3 /* Preview Assets.xcassets */; };
		1D91E1C42529029A009EA6E3 /* Apollo in Frameworks */ = {isa = PBXBuildFile; productRef = 1D91E1C32529029A009EA6E3 /* Apollo */; };
		1D91E1C725290469009EA6E3 /* schema.json in Resources */ = {isa = PBXBuildFile; fileRef = 1D91E1C625290469009EA6E3 /* schema.json */; };
		1D91E1CA252904C1009EA6E3 /* Queries.graphql in Resources */ = {isa = PBXBuildFile; fileRef = 1D91E1C9252904C1009EA6E3 /* Queries.graphql */; };
		1D91E1CF252907B0009EA6E3 /* API.swift in Sources */ = {isa = PBXBuildFile; fileRef = 1D91E1CE252907B0009EA6E3 /* API.swift */; };
		1D91E1D225290842009EA6E3 /* Network.swift in Sources */ = {isa = PBXBuildFile; fileRef = 1D91E1D125290842009EA6E3 /* Network.swift */; };
/* End PBXBuildFile section */

/* Begin PBXFileReference section */
		1D91E1AF2529015E009EA6E3 /* ApolloGraphQLWithSwiftUI.app */ = {isa = PBXFileReference; explicitFileType = wrapper.application; includeInIndex = 0; path = ApolloGraphQLWithSwiftUI.app; sourceTree = BUILT_PRODUCTS_DIR; };
		1D91E1B22529015E009EA6E3 /* ApolloGraphQLWithSwiftUIApp.swift */ = {isa = PBXFileReference; lastKnownFileType = sourcecode.swift; path = ApolloGraphQLWithSwiftUIApp.swift; sourceTree = "<group>"; };
		1D91E1B42529015E009EA6E3 /* ContentView.swift */ = {isa = PBXFileReference; lastKnownFileType = sourcecode.swift; path = ContentView.swift; sourceTree = "<group>"; };
		1D91E1B625290161009EA6E3 /* Assets.xcassets */ = {isa = PBXFileReference; lastKnownFileType = folder.assetcatalog; path = Assets.xcassets; sourceTree = "<group>"; };
		1D91E1B925290161009EA6E3 /* Preview Assets.xcassets */ = {isa = PBXFileReference; lastKnownFileType = folder.assetcatalog; path = "Preview Assets.xcassets"; sourceTree = "<group>"; };
		1D91E1BB25290161009EA6E3 /* Info.plist */ = {isa = PBXFileReference; lastKnownFileType = text.plist.xml; path = Info.plist; sourceTree = "<group>"; };
		1D91E1C625290469009EA6E3 /* schema.json */ = {isa = PBXFileReference; fileEncoding = 4; lastKnownFileType = text.json; path = schema.json; sourceTree = "<group>"; };
		1D91E1C9252904C1009EA6E3 /* Queries.graphql */ = {isa = PBXFileReference; lastKnownFileType = text; path = Queries.graphql; sourceTree = "<group>"; };
		1D91E1CE252907B0009EA6E3 /* API.swift */ = {isa = PBXFileReference; fileEncoding = 4; lastKnownFileType = sourcecode.swift; path = API.swift; sourceTree = "<group>"; };
		1D91E1D125290842009EA6E3 /* Network.swift */ = {isa = PBXFileReference; lastKnownFileType = sourcecode.swift; path = Network.swift; sourceTree = "<group>"; };
/* End PBXFileReference section */

/* Begin PBXFrameworksBuildPhase section */
		1D91E1AC2529015E009EA6E3 /* Frameworks */ = {
			isa = PBXFrameworksBuildPhase;
			buildActionMask = 2147483647;
			files = (
				1D91E1C42529029A009EA6E3 /* Apollo in Frameworks */,
			);
			runOnlyForDeploymentPostprocessing = 0;
		};
/* End PBXFrameworksBuildPhase section */

/* Begin PBXGroup section */
		1D91E1A62529015E009EA6E3 = {
			isa = PBXGroup;
			children = (
				1D91E1B12529015E009EA6E3 /* ApolloGraphQLWithSwiftUI */,
				1D91E1B02529015E009EA6E3 /* Products */,
			);
			sourceTree = "<group>";
		};
		1D91E1B02529015E009EA6E3 /* Products */ = {
			isa = PBXGroup;
			children = (
				1D91E1AF2529015E009EA6E3 /* ApolloGraphQLWithSwiftUI.app */,
			);
			name = Products;
			sourceTree = "<group>";
		};
		1D91E1B12529015E009EA6E3 /* ApolloGraphQLWithSwiftUI */ = {
			isa = PBXGroup;
			children = (
				1D91E1CE252907B0009EA6E3 /* API.swift */,
				1D91E1C625290469009EA6E3 /* schema.json */,
				1D91E1B22529015E009EA6E3 /* ApolloGraphQLWithSwiftUIApp.swift */,
				1D91E1B42529015E009EA6E3 /* ContentView.swift */,
				1D91E1B625290161009EA6E3 /* Assets.xcassets */,
				1D91E1BB25290161009EA6E3 /* Info.plist */,
				1D91E1B825290161009EA6E3 /* Preview Content */,
				1D91E1C9252904C1009EA6E3 /* Queries.graphql */,
				1D91E1D125290842009EA6E3 /* Network.swift */,
			);
			path = ApolloGraphQLWithSwiftUI;
			sourceTree = "<group>";
		};
		1D91E1B825290161009EA6E3 /* Preview Content */ = {
			isa = PBXGroup;
			children = (
				1D91E1B925290161009EA6E3 /* Preview Assets.xcassets */,
			);
			path = "Preview Content";
			sourceTree = "<group>";
		};
/* End PBXGroup section */

/* Begin PBXNativeTarget section */
		1D91E1AE2529015E009EA6E3 /* ApolloGraphQLWithSwiftUI */ = {
			isa = PBXNativeTarget;
			buildConfigurationList = 1D91E1BE25290161009EA6E3 /* Build configuration list for PBXNativeTarget "ApolloGraphQLWithSwiftUI" */;
			buildPhases = (
				1D91E1CC2529064C009EA6E3 /* Apollo CLI */,
				1D91E1AB2529015E009EA6E3 /* Sources */,
				1D91E1AC2529015E009EA6E3 /* Frameworks */,
				1D91E1AD2529015E009EA6E3 /* Resources */,
			);
			buildRules = (
			);
			dependencies = (
			);
			name = ApolloGraphQLWithSwiftUI;
			packageProductDependencies = (
				1D91E1C32529029A009EA6E3 /* Apollo */,
			);
			productName = ApolloGraphQLWithSwiftUI;
			productReference = 1D91E1AF2529015E009EA6E3 /* ApolloGraphQLWithSwiftUI.app */;
			productType = "com.apple.product-type.application";
		};
/* End PBXNativeTarget section */

/* Begin PBXProject section */
		1D91E1A72529015E009EA6E3 /* Project object */ = {
			isa = PBXProject;
			attributes = {
				LastSwiftUpdateCheck = 1200;
				LastUpgradeCheck = 1200;
				TargetAttributes = {
					1D91E1AE2529015E009EA6E3 = {
						CreatedOnToolsVersion = 12.0.1;
					};
				};
			};
			buildConfigurationList = 1D91E1AA2529015E009EA6E3 /* Build configuration list for PBXProject "ApolloGraphQLWithSwiftUI" */;
			compatibilityVersion = "Xcode 9.3";
			developmentRegion = en;
			hasScannedForEncodings = 0;
			knownRegions = (
				en,
				Base,
			);
			mainGroup = 1D91E1A62529015E009EA6E3;
			packageReferences = (
				1D91E1C22529029A009EA6E3 /* XCRemoteSwiftPackageReference "apollo-ios" */,
			);
			productRefGroup = 1D91E1B02529015E009EA6E3 /* Products */;
			projectDirPath = "";
			projectRoot = "";
			targets = (
				1D91E1AE2529015E009EA6E3 /* ApolloGraphQLWithSwiftUI */,
			);
		};
/* End PBXProject section */

/* Begin PBXResourcesBuildPhase section */
		1D91E1AD2529015E009EA6E3 /* Resources */ = {
			isa = PBXResourcesBuildPhase;
			buildActionMask = 2147483647;
			files = (
				1D91E1BA25290161009EA6E3 /* Preview Assets.xcassets in Resources */,
				1D91E1C725290469009EA6E3 /* schema.json in Resources */,
				1D91E1CA252904C1009EA6E3 /* Queries.graphql in Resources */,
				1D91E1B725290161009EA6E3 /* Assets.xcassets in Resources */,
			);
			runOnlyForDeploymentPostprocessing = 0;
		};
/* End PBXResourcesBuildPhase section */

/* Begin PBXShellScriptBuildPhase section */
		1D91E1CC2529064C009EA6E3 /* Apollo CLI */ = {
			isa = PBXShellScriptBuildPhase;
			buildActionMask = 2147483647;
			files = (
			);
			inputFileListPaths = (
			);
			inputPaths = (
			);
			name = "Apollo CLI";
			outputFileListPaths = (
			);
			outputPaths = (
			);
			runOnlyForDeploymentPostprocessing = 0;
			shellPath = /bin/sh;
			shellScript = "# Go to the build root and search up the chain to find the Derived Data Path where the source packages are checked out.\nDERIVED_DATA_CANDIDATE=\"${BUILD_ROOT}\"\n\nwhile ! [ -d \"${DERIVED_DATA_CANDIDATE}/SourcePackages\" ]; do\n  if [ \"${DERIVED_DATA_CANDIDATE}\" = / ]; then\n    echo >&2 \"error: Unable to locate SourcePackages directory from BUILD_ROOT: '${BUILD_ROOT}'\"\n    exit 1\n  fi\n\n  DERIVED_DATA_CANDIDATE=\"$(dirname \"${DERIVED_DATA_CANDIDATE}\")\"\ndone\n\n# Grab a reference to the directory where scripts are checked out\nSCRIPT_PATH=\"${DERIVED_DATA_CANDIDATE}/SourcePackages/checkouts/apollo-ios/scripts\"\n\nif [ -z \"${SCRIPT_PATH}\" ]; then\n    echo >&2 \"error: Couldn't find the CLI script in your checked out SPM packages; make sure to add the framework to your project.\"\n    exit 1\nfi\n\ncd \"${SRCROOT}/${TARGET_NAME}\"\n\"${SCRIPT_PATH}\"/run-bundled-codegen.sh codegen:generate --target=swift --includes=./**/*.graphql --localSchemaFile=\"schema.json\" API.swift\n\n\n";
		};
/* End PBXShellScriptBuildPhase section */

/* Begin PBXSourcesBuildPhase section */
		1D91E1AB2529015E009EA6E3 /* Sources */ = {
			isa = PBXSourcesBuildPhase;
			buildActionMask = 2147483647;
			files = (
				1D91E1B52529015E009EA6E3 /* ContentView.swift in Sources */,
				1D91E1CF252907B0009EA6E3 /* API.swift in Sources */,
				1D91E1D225290842009EA6E3 /* Network.swift in Sources */,
				1D91E1B32529015E009EA6E3 /* ApolloGraphQLWithSwiftUIApp.swift in Sources */,
			);
			runOnlyForDeploymentPostprocessing = 0;
		};
/* End PBXSourcesBuildPhase section */

/* Begin XCBuildConfiguration section */
		1D91E1BC25290161009EA6E3 /* Debug */ = {
			isa = XCBuildConfiguration;
			buildSettings = {
				ALWAYS_SEARCH_USER_PATHS = NO;
				CLANG_ANALYZER_NONNULL = YES;
				CLANG_ANALYZER_NUMBER_OBJECT_CONVERSION = YES_AGGRESSIVE;
				CLANG_CXX_LANGUAGE_STANDARD = "gnu++14";
				CLANG_CXX_LIBRARY = "libc++";
				CLANG_ENABLE_MODULES = YES;
				CLANG_ENABLE_OBJC_ARC = YES;
				CLANG_ENABLE_OBJC_WEAK = YES;
				CLANG_WARN_BLOCK_CAPTURE_AUTORELEASING = YES;
				CLANG_WARN_BOOL_CONVERSION = YES;
				CLANG_WARN_COMMA = YES;
				CLANG_WARN_CONSTANT_CONVERSION = YES;
				CLANG_WARN_DEPRECATED_OBJC_IMPLEMENTATIONS = YES;
				CLANG_WARN_DIRECT_OBJC_ISA_USAGE = YES_ERROR;
				CLANG_WARN_DOCUMENTATION_COMMENTS = YES;
				CLANG_WARN_EMPTY_BODY = YES;
				CLANG_WARN_ENUM_CONVERSION = YES;
				CLANG_WARN_INFINITE_RECURSION = YES;
				CLANG_WARN_INT_CONVERSION = YES;
				CLANG_WARN_NON_LITERAL_NULL_CONVERSION = YES;
				CLANG_WARN_OBJC_IMPLICIT_RETAIN_SELF = YES;
				CLANG_WARN_OBJC_LITERAL_CONVERSION = YES;
				CLANG_WARN_OBJC_ROOT_CLASS = YES_ERROR;
				CLANG_WARN_QUOTED_INCLUDE_IN_FRAMEWORK_HEADER = YES;
				CLANG_WARN_RANGE_LOOP_ANALYSIS = YES;
				CLANG_WARN_STRICT_PROTOTYPES = YES;
				CLANG_WARN_SUSPICIOUS_MOVE = YES;
				CLANG_WARN_UNGUARDED_AVAILABILITY = YES_AGGRESSIVE;
				CLANG_WARN_UNREACHABLE_CODE = YES;
				CLANG_WARN__DUPLICATE_METHOD_MATCH = YES;
				COPY_PHASE_STRIP = NO;
				DEBUG_INFORMATION_FORMAT = dwarf;
				ENABLE_STRICT_OBJC_MSGSEND = YES;
				ENABLE_TESTABILITY = YES;
				GCC_C_LANGUAGE_STANDARD = gnu11;
				GCC_DYNAMIC_NO_PIC = NO;
				GCC_NO_COMMON_BLOCKS = YES;
				GCC_OPTIMIZATION_LEVEL = 0;
				GCC_PREPROCESSOR_DEFINITIONS = (
					"DEBUG=1",
					"$(inherited)",
				);
				GCC_WARN_64_TO_32_BIT_CONVERSION = YES;
				GCC_WARN_ABOUT_RETURN_TYPE = YES_ERROR;
				GCC_WARN_UNDECLARED_SELECTOR = YES;
				GCC_WARN_UNINITIALIZED_AUTOS = YES_AGGRESSIVE;
				GCC_WARN_UNUSED_FUNCTION = YES;
				GCC_WARN_UNUSED_VARIABLE = YES;
				IPHONEOS_DEPLOYMENT_TARGET = 14.0;
				MTL_ENABLE_DEBUG_INFO = INCLUDE_SOURCE;
				MTL_FAST_MATH = YES;
				ONLY_ACTIVE_ARCH = YES;
				SDKROOT = iphoneos;
				SWIFT_ACTIVE_COMPILATION_CONDITIONS = DEBUG;
				SWIFT_OPTIMIZATION_LEVEL = "-Onone";
			};
			name = Debug;
		};
		1D91E1BD25290161009EA6E3 /* Release */ = {
			isa = XCBuildConfiguration;
			buildSettings = {
				ALWAYS_SEARCH_USER_PATHS = NO;
				CLANG_ANALYZER_NONNULL = YES;
				CLANG_ANALYZER_NUMBER_OBJECT_CONVERSION = YES_AGGRESSIVE;
				CLANG_CXX_LANGUAGE_STANDARD = "gnu++14";
				CLANG_CXX_LIBRARY = "libc++";
				CLANG_ENABLE_MODULES = YES;
				CLANG_ENABLE_OBJC_ARC = YES;
				CLANG_ENABLE_OBJC_WEAK = YES;
				CLANG_WARN_BLOCK_CAPTURE_AUTORELEASING = YES;
				CLANG_WARN_BOOL_CONVERSION = YES;
				CLANG_WARN_COMMA = YES;
				CLANG_WARN_CONSTANT_CONVERSION = YES;
				CLANG_WARN_DEPRECATED_OBJC_IMPLEMENTATIONS = YES;
				CLANG_WARN_DIRECT_OBJC_ISA_USAGE = YES_ERROR;
				CLANG_WARN_DOCUMENTATION_COMMENTS = YES;
				CLANG_WARN_EMPTY_BODY = YES;
				CLANG_WARN_ENUM_CONVERSION = YES;
				CLANG_WARN_INFINITE_RECURSION = YES;
				CLANG_WARN_INT_CONVERSION = YES;
				CLANG_WARN_NON_LITERAL_NULL_CONVERSION = YES;
				CLANG_WARN_OBJC_IMPLICIT_RETAIN_SELF = YES;
				CLANG_WARN_OBJC_LITERAL_CONVERSION = YES;
				CLANG_WARN_OBJC_ROOT_CLASS = YES_ERROR;
				CLANG_WARN_QUOTED_INCLUDE_IN_FRAMEWORK_HEADER = YES;
				CLANG_WARN_RANGE_LOOP_ANALYSIS = YES;
				CLANG_WARN_STRICT_PROTOTYPES = YES;
				CLANG_WARN_SUSPICIOUS_MOVE = YES;
				CLANG_WARN_UNGUARDED_AVAILABILITY = YES_AGGRESSIVE;
				CLANG_WARN_UNREACHABLE_CODE = YES;
				CLANG_WARN__DUPLICATE_METHOD_MATCH = YES;
				COPY_PHASE_STRIP = NO;
				DEBUG_INFORMATION_FORMAT = "dwarf-with-dsym";
				ENABLE_NS_ASSERTIONS = NO;
				ENABLE_STRICT_OBJC_MSGSEND = YES;
				GCC_C_LANGUAGE_STANDARD = gnu11;
				GCC_NO_COMMON_BLOCKS = YES;
				GCC_WARN_64_TO_32_BIT_CONVERSION = YES;
				GCC_WARN_ABOUT_RETURN_TYPE = YES_ERROR;
				GCC_WARN_UNDECLARED_SELECTOR = YES;
				GCC_WARN_UNINITIALIZED_AUTOS = YES_AGGRESSIVE;
				GCC_WARN_UNUSED_FUNCTION = YES;
				GCC_WARN_UNUSED_VARIABLE = YES;
				IPHONEOS_DEPLOYMENT_TARGET = 14.0;
				MTL_ENABLE_DEBUG_INFO = NO;
				MTL_FAST_MATH = YES;
				SDKROOT = iphoneos;
				SWIFT_COMPILATION_MODE = wholemodule;
				SWIFT_OPTIMIZATION_LEVEL = "-O";
				VALIDATE_PRODUCT = YES;
			};
			name = Release;
		};
		1D91E1BF25290161009EA6E3 /* Debug */ = {
			isa = XCBuildConfiguration;
			buildSettings = {
				ASSETCATALOG_COMPILER_APPICON_NAME = AppIcon;
				ASSETCATALOG_COMPILER_GLOBAL_ACCENT_COLOR_NAME = AccentColor;
				CODE_SIGN_STYLE = Automatic;
				DEVELOPMENT_ASSET_PATHS = "\"ApolloGraphQLWithSwiftUI/Preview Content\"";
				DEVELOPMENT_TEAM = L8W86DZDY2;
				ENABLE_PREVIEWS = YES;
				INFOPLIST_FILE = ApolloGraphQLWithSwiftUI/Info.plist;
				IPHONEOS_DEPLOYMENT_TARGET = 14.0;
				LD_RUNPATH_SEARCH_PATHS = (
					"$(inherited)",
					"@executable_path/Frameworks",
				);
				PRODUCT_BUNDLE_IDENTIFIER = com.ri.ApolloGraphQLWithSwiftUI;
				PRODUCT_NAME = "$(TARGET_NAME)";
				SWIFT_VERSION = 5.0;
				TARGETED_DEVICE_FAMILY = "1,2";
			};
			name = Debug;
		};
		1D91E1C025290161009EA6E3 /* Release */ = {
			isa = XCBuildConfiguration;
			buildSettings = {
				ASSETCATALOG_COMPILER_APPICON_NAME = AppIcon;
				ASSETCATALOG_COMPILER_GLOBAL_ACCENT_COLOR_NAME = AccentColor;
				CODE_SIGN_STYLE = Automatic;
				DEVELOPMENT_ASSET_PATHS = "\"ApolloGraphQLWithSwiftUI/Preview Content\"";
				DEVELOPMENT_TEAM = L8W86DZDY2;
				ENABLE_PREVIEWS = YES;
				INFOPLIST_FILE = ApolloGraphQLWithSwiftUI/Info.plist;
				IPHONEOS_DEPLOYMENT_TARGET = 14.0;
				LD_RUNPATH_SEARCH_PATHS = (
					"$(inherited)",
					"@executable_path/Frameworks",
				);
				PRODUCT_BUNDLE_IDENTIFIER = com.ri.ApolloGraphQLWithSwiftUI;
				PRODUCT_NAME = "$(TARGET_NAME)";
				SWIFT_VERSION = 5.0;
				TARGETED_DEVICE_FAMILY = "1,2";
			};
			name = Release;
		};
/* End XCBuildConfiguration section */

/* Begin XCConfigurationList section */
		1D91E1AA2529015E009EA6E3 /* Build configuration list for PBXProject "ApolloGraphQLWithSwiftUI" */ = {
			isa = XCConfigurationList;
			buildConfigurations = (
				1D91E1BC25290161009EA6E3 /* Debug */,
				1D91E1BD25290161009EA6E3 /* Release */,
			);
			defaultConfigurationIsVisible = 0;
			defaultConfigurationName = Release;
		};
		1D91E1BE25290161009EA6E3 /* Build configuration list for PBXNativeTarget "ApolloGraphQLWithSwiftUI" */ = {
			isa = XCConfigurationList;
			buildConfigurations = (
				1D91E1BF25290161009EA6E3 /* Debug */,
				1D91E1C025290161009EA6E3 /* Release */,
			);
			defaultConfigurationIsVisible = 0;
			defaultConfigurationName = Release;
		};
/* End XCConfigurationList section */

/* Begin XCRemoteSwiftPackageReference section */
		1D91E1C22529029A009EA6E3 /* XCRemoteSwiftPackageReference "apollo-ios" */ = {
			isa = XCRemoteSwiftPackageReference;
			repositoryURL = "https://github.com/apollographql/apollo-ios.git";
			requirement = {
				kind = upToNextMajorVersion;
				minimumVersion = 0.34.1;
			};
		};
/* End XCRemoteSwiftPackageReference section */

/* Begin XCSwiftPackageProductDependency section */
		1D91E1C32529029A009EA6E3 /* Apollo */ = {
			isa = XCSwiftPackageProductDependency;
			package = 1D91E1C22529029A009EA6E3 /* XCRemoteSwiftPackageReference "apollo-ios" */;
			productName = Apollo;
		};
/* End XCSwiftPackageProductDependency section */
	};
	rootObject = 1D91E1A72529015E009EA6E3 /* Project object */;
}
